lockfileVersion: '9.0'

settings:
  autoInstallPeers: true
  excludeLinksFromLockfile: false

importers:

  .: {}

  packages/core:
    dependencies:
      '@ai-sdk/anthropic':
        specifier: ^4.0.53
        version: 4.0.53(zod@4.6.4)
      ai:
        specifier: ^7.0.99
        version: 7.0.99(zod@4.6.4)
      yaml:
        specifier: ^2.9.1
        version: 2.9.1
      zod:
        specifier: ^4.6.4
        version: 4.6.4

packages:

  '@ai-sdk/anthropic@4.0.53':
    resolution: {integrity: sha512-JMxAuCFte6mFOvoaUcig3Dp2LObin0wU2Li8ncsveh7hHKW7cG3g1bFjooxn1paxeT8UUf5XMSjhxtXG9wFLig==}
    engines: {node: '>=22'}
    peerDependencies:
      zod: ^3.25.76 || ^4.1.8

  '@ai-sdk/gateway@4.0.80':
    resolution: {integrity: sha512-6t+07o8lSthpKf64Xb1qHWR2bWvJ3Fd2oFvS9fQc45p31bi2OUqan246e/ojAmZpWCiMPjKyQ4TBr4MYytnTiQ==}
    engines: {node: '>=22'}
    peerDependencies:
      zod: ^3.25.76 || ^4.1.8

  '@ai-sdk/provider-utils@5.0.40':
    resolution: {integrity: sha512-zsXPwSAQ9mRJ2hvyITaLOYUyuGrBmzFhJXOg4mllGmla1PfNxZcm4GwqMiV2xQaDgcgBMdUGxXkp9xekZZNIkg==}
    engines: {node: '>=22'}
    peerDependencies:
      zod: ^3.25.76 || ^4.1.8

  '@ai-sdk/provider@4.0.14':
    resolution: {integrity: sha512-yukP2tbcQQErG5gLCMBGvpvb/rM3D3KlTKG6eKKOdNHLHqtNNDEeBxdYrY/JL+O76B2ig5dXY19H/f1HFSvRiQ==}
    engines: {node: '>=22'}

  '@standard-schema/spec@1.1.0':
    resolution: {integrity: sha512-l2aFy5jALhniG5HgqrD6jXLi/rUWrKvqN/qJx6yoJsgKhblVd+iqqU4RCXavm/jPityDo5TCvKMnpjKnOriy0w==}

  '@vercel/oidc@3.2.0':
    resolution: {integrity: sha512-UycprH3T6n3jH0k44NHMa7pnFHGu/N05MjojYr+Mc6I7obkoLIJujSWwin1pCvdy/eOxrI/l3uDLQsmcrOb4ug==}
    engines: {node: '>= 20'}

  '@workflow/serde@4.1.0':
    resolution: {integrity: sha512-pav4F2BoirECWR7Nf1TKt+2eETcBj7jj4cBefQ8VXQCA6NPkaKeLfj/zMgi+3zYV5ZIBT4GuUiphsj0/b9hPQQ==}

  ai@7.0.99:
    resolution: {integrity: sha512-Ov+3j/nSajaVH5hO8C94wN9wisG5tAJ8HWsLV9d/+nlzrRGUh3oYO3Kp1fRyUNWjAWLSpGLHLPaHCdfxb307Vg==}
    engines: {node: '>=22'}
    peerDependencies:
      zod: ^3.25.76 || ^4.1.8

  eventsource-parser@3.1.1:
    resolution: {integrity: sha512-EKN1vKAMcZ8MlYMpaNuxN6R9yakzH6uajHcHVTqWJzvu5pWw9DyhbP35HH8MVBQ+dZjAfDxk+A8NiR9KWaXiyQ==}
    engines: {node: '>=18.0.0'}

  json-schema@0.4.0:
    resolution: {integrity: sha512-es94M3nTIfsEPisRafak+HDLfHXnKBhV3vU5eqPcS3flIWqcxJWgXHXiey3YrpaNsanY5ei1VoYEbOzijuq9BA==}

  undici@7.29.1:
    resolution: {integrity: sha512-RYONW2MeafgYlkVOKYKkA/Ag7BmXqgIWCa8t1m0JcxrQg9pI9lEqRhAOruOBCbAohOa/gkCF+iPi9hrgvTzu6Q==}
    engines: {node: '>=20.18.1'}

  yaml@2.9.1:
    resolution: {integrity: sha512-3NxN8+78OdzbT7C/WjGsyfPAtJaN3FNDsWxv7Y7mcDsT/oOmgW8BpyQQFFBnvZE3j9Y2Sdz1ULFLezL7Eb2yFw==}
    engines: {node: '>= 14.6'}
    hasBin: true

  zod@4.6.4:
    resolution: {integrity: sha512-AXSD6hvGdvRjajG/l1cC+d6IrhH+sjmPKtYeQdJIK8MFJl3LyClzS+o/YsVC+zQZPupAaeH5skwwm8YqYH7BqA==}

snapshots:

  '@ai-sdk/anthropic@4.0.53(zod@4.6.4)':
    dependencies:
      '@ai-sdk/provider': 4.0.14
      '@ai-sdk/provider-utils': 5.0.40(zod@4.6.4)
      zod: 4.6.4

  '@ai-sdk/gateway@4.0.80(zod@4.6.4)':
    dependencies:
      '@ai-sdk/provider': 4.0.14
      '@ai-sdk/provider-utils': 5.0.40(zod@4.6.4)
      '@vercel/oidc': 3.2.0
      zod: 4.6.4

  '@ai-sdk/provider-utils@5.0.40(zod@4.6.4)':
    dependencies:
      '@ai-sdk/provider': 4.0.14
      '@standard-schema/spec': 1.1.0
      '@workflow/serde': 4.1.0
      eventsource-parser: 3.1.1
      undici: 7.29.1
      zod: 4.6.4

  '@ai-sdk/provider@4.0.14':
    dependencies:
      json-schema: 0.4.0

  '@standard-schema/spec@1.1.0': {}

  '@vercel/oidc@3.2.0': {}

  '@workflow/serde@4.1.0': {}

  ai@7.0.99(zod@4.6.4):
    dependencies:
      '@ai-sdk/gateway': 4.0.80(zod@4.6.4)
      '@ai-sdk/provider': 4.0.14
      '@ai-sdk/provider-utils': 5.0.40(zod@4.6.4)
      zod: 4.6.4

  eventsource-parser@3.1.1: {}

  json-schema@0.4.0: {}

  undici@7.29.1: {}

  yaml@2.9.1: {}

  zod@4.6.4: {}
